
Microsoft Visual Studio Solution File, Format Version 12.00
# Visual Studio Version 17
VisualStudioVersion = 17.7.34031.279
MinimumVisualStudioVersion = 10.0.40219.1
Project("{8BC9CEB8-8B4A-11D0-8D11-00A0C91BC942}") = "lab.8.1.rec", "lab.8.1.rec\lab.8.1.rec.vcxproj", "{CAE1EBD1-DBE3-4582-84E2-79C484F8E9EF}"
EndProject
Project("{8BC9CEB8-8B4A-11D0-8D11-00A0C91BC942}") = "UnitTest1", "UnitTest1\UnitTest1.vcxproj", "{95B10B22-2B91-4F48-86F5-7C416C9674C1}"
EndProject
Global
	GlobalSection(SolutionConfigurationPlatforms) = preSolution
		Debug|x64 = Debug|x64
		Debug|x86 = Debug|x86
		Release|x64 = Release|x64
		Release|x86 = Release|x86
	EndGlobalSection
	GlobalSection(ProjectConfigurationPlatforms) = postSolution
		{CAE1EBD1-DBE3-4582-84E2-79C484F8E9EF}.Debug|x64.ActiveCfg = Debug|x64
		{CAE1EBD1-DBE3-4582-84E2-79C484F8E9EF}.Debug|x64.Build.0 = Debug|x64
		{CAE1EBD1-DBE3-4582-84E2-79C484F8E9EF}.Debug|x86.ActiveCfg = Debug|Win32
		{CAE1EBD1-DBE3-4582-84E2-79C484F8E9EF}.Debug|x86.Build.0 = Debug|Win32
		{CAE1EBD1-DBE3-4582-84E2-79C484F8E9EF}.Release|x64.ActiveCfg = Release|x64
		{CAE1EBD1-DBE3-4582-84E2-79C484F8E9EF}.Release|x64.Build.0 = Release|x64
		{CAE1EBD1-DBE3-4582-84E2-79C484F8E9EF}.Release|x86.ActiveCfg = Release|Win32
		{CAE1EBD1-DBE3-4582-84E2-79C484F8E9EF}.Release|x86.Build.0 = Release|Win32
		{95B10B22-2B91-4F48-86F5-7C416C9674C1}.Debug|x64.ActiveCfg = Debug|x64
		{95B10B22-2B91-4F48-86F5-7C416C9674C1}.Debug|x64.Build.0 = Debug|x64
		{95B10B22-2B91-4F48-86F5-7C416C9674C1}.Debug|x86.ActiveCfg = Debug|Win32
		{95B10B22-2B91-4F48-86F5-7C416C9674C1}.Debug|x86.Build.0 = Debug|Win32
		{95B10B22-2B91-4F48-86F5-7C416C9674C1}.Release|x64.ActiveCfg = Release|x64
		{95B10B22-2B91-4F48-86F5-7C416C9674C1}.Release|x64.Build.0 = Release|x64
		{95B10B22-2B91-4F48-86F5-7C416C9674C1}.Release|x86.ActiveCfg = Release|Win32
		{95B10B22-2B91-4F48-86F5-7C416C9674C1}.Release|x86.Build.0 = Release|Win32
	EndGlobalSection
	GlobalSection(SolutionProperties) = preSolution
		HideSolutionNode = FALSE
	EndGlobalSection
	GlobalSection(ExtensibilityGlobals) = postSolution
		SolutionGuid = {F4395092-9485-4181-B800-D022154763B6}
	EndGlobalSection
EndGlobal
